
Microsoft Visual Studio Solution File, Format Version 12.00
# Visual Studio Version 17
VisualStudioVersion = 17.4.33213.308
MinimumVisualStudioVersion = 10.0.40219.1
Project("{9A19103F-16F7-4668-BE54-9A1E7A4F7556}") = "Messenger", "Messenger\Messenger.csproj", "{D4D6A93A-1572-4268-8E37-FFDA7B7C5EFE}"
EndProject
Project("{FAE04EC0-301F-11D3-BF4B-00C04F79EFBC}") = "WhatsApp", "WhatsApp\WhatsApp.csproj", "{F51095E4-5D77-4AA6-8EAF-A7F610871F9B}"
EndProject
Global
	GlobalSection(SolutionConfigurationPlatforms) = preSolution
		Debug|Any CPU = Debug|Any CPU
		Release|Any CPU = Release|Any CPU
	EndGlobalSection
	GlobalSection(ProjectConfigurationPlatforms) = postSolution
		{D4D6A93A-1572-4268-8E37-FFDA7B7C5EFE}.Debug|Any CPU.ActiveCfg = Debug|Any CPU
		{D4D6A93A-1572-4268-8E37-FFDA7B7C5EFE}.Debug|Any CPU.Build.0 = Debug|Any CPU
		{D4D6A93A-1572-4268-8E37-FFDA7B7C5EFE}.Release|Any CPU.ActiveCfg = Release|Any CPU
		{D4D6A93A-1572-4268-8E37-FFDA7B7C5EFE}.Release|Any CPU.Build.0 = Release|Any CPU
		{F51095E4-5D77-4AA6-8EAF-A7F610871F9B}.Debug|Any CPU.ActiveCfg = Debug|Any CPU
		{F51095E4-5D77-4AA6-8EAF-A7F610871F9B}.Debug|Any CPU.Build.0 = Debug|Any CPU
		{F51095E4-5D77-4AA6-8EAF-A7F610871F9B}.Release|Any CPU.ActiveCfg = Release|Any CPU
		{F51095E4-5D77-4AA6-8EAF-A7F610871F9B}.Release|Any CPU.Build.0 = Release|Any CPU
	EndGlobalSection
	GlobalSection(SolutionProperties) = preSolution
		HideSolutionNode = FALSE
	EndGlobalSection
	GlobalSection(ExtensibilityGlobals) = postSolution
		SolutionGuid = {28DC45F0-A35B-415A-9B12-E22D72ACFEB3}
	EndGlobalSection
EndGlobal
